
Microsoft Visual Studio Solution File, Format Version 12.00
# Visual Studio Version 16
VisualStudioVersion = 16.0.30611.23
MinimumVisualStudioVersion = 10.0.40219.1
Project("{FAE04EC0-301F-11D3-BF4B-00C04F79EFBC}") = "Crisan_Gabriel_Lab2", "Crisan_Gabriel_Lab2.csproj", "{B1CF7342-26B2-4300-953A-6DF36616397C}"
EndProject
Global
	GlobalSection(SolutionConfigurationPlatforms) = preSolution
		Debug|Any CPU = Debug|Any CPU
		Release|Any CPU = Release|Any CPU
	EndGlobalSection
	GlobalSection(ProjectConfigurationPlatforms) = postSolution
		{B1CF7342-26B2-4300-953A-6DF36616397C}.Debug|Any CPU.ActiveCfg = Debug|Any CPU
		{B1CF7342-26B2-4300-953A-6DF36616397C}.Debug|Any CPU.Build.0 = Debug|Any CPU
		{B1CF7342-26B2-4300-953A-6DF36616397C}.Release|Any CPU.ActiveCfg = Release|Any CPU
		{B1CF7342-26B2-4300-953A-6DF36616397C}.Release|Any CPU.Build.0 = Release|Any CPU
	EndGlobalSection
	GlobalSection(SolutionProperties) = preSolution
		HideSolutionNode = FALSE
	EndGlobalSection
	GlobalSection(ExtensibilityGlobals) = postSolution
		SolutionGuid = {F057D9DB-D191-426B-8A44-D19AAA302B15}
	EndGlobalSection
EndGlobal
